// !$*UTF8*$!
{
	archiveVersion = 1;
	classes = {
	};
	objectVersion = 77;
	objects = {

/* Begin PBXContainerItemProxy section */
		EBC945E42E278E2800C502F2 /* PBXContainerItemProxy */ = {
			isa = PBXContainerItemProxy;
			containerPortal = EBC945CB2E278E2700C502F2 /* Project object */;
			proxyType = 1;
			remoteGlobalIDString = EBC945D22E278E2700C502F2;
			remoteInfo = VirtualProduction;
		};
		EBC945EE2E278E2800C502F2 /* PBXContainerItemProxy */ = {
			isa = PBXContainerItemProxy;
			containerPortal = EBC945CB2E278E2700C502F2 /* Project object */;
			proxyType = 1;
			remoteGlobalIDString = EBC945D22E278E2700C502F2;
			remoteInfo = VirtualProduction;
		};
/* End PBXContainerItemProxy section */

/* Begin PBXFileReference section */
		EBC945D32E278E2700C502F2 /* VirtualProduction.app */ = {isa = PBXFileReference; explicitFileType = wrapper.application; includeInIndex = 0; path = VirtualProduction.app; sourceTree = BUILT_PRODUCTS_DIR; };
		EBC945E32E278E2800C502F2 /* VirtualProductionTests.xctest */ = {isa = PBXFileReference; explicitFileType = wrapper.cfbundle; includeInIndex = 0; path = VirtualProductionTests.xctest; sourceTree = BUILT_PRODUCTS_DIR; };
		EBC945ED2E278E2800C502F2 /* VirtualProductionUITests.xctest */ = {isa = PBXFileReference; explicitFileType = wrapper.cfbundle; includeInIndex = 0; path = VirtualProductionUITests.xctest; sourceTree = BUILT_PRODUCTS_DIR; };
/* End PBXFileReference section */

/* Begin PBXFileSystemSynchronizedRootGroup section */
		EBC945D52E278E2700C502F2 /* VirtualProduction */ = {
			isa = PBXFileSystemSynchronizedRootGroup;
			path = VirtualProduction;
			sourceTree = "<group>";
		};
		EBC945E62E278E2800C502F2 /* VirtualProductionTests */ = {
			isa = PBXFileSystemSynchronizedRootGroup;
			path = VirtualProductionTests;
			sourceTree = "<group>";
		};
		EBC945F02E278E2800C502F2 /* VirtualProductionUITests */ = {
			isa = PBXFileSystemSynchronizedRootGroup;
			path = VirtualProductionUITests;
			sourceTree = "<group>";
		};
/* End PBXFileSystemSynchronizedRootGroup section */

/* Begin PBXFrameworksBuildPhase section */
		EBC945D02E278E2700C502F2 /* Frameworks */ = {
			isa = PBXFrameworksBuildPhase;
			buildActionMask = 2147483647;
			files = (
			);
			runOnlyForDeploymentPostprocessing = 0;
		};
		EBC945E02E278E2800C502F2 /* Frameworks */ = {
			isa = PBXFrameworksBuildPhase;
			buildActionMask = 2147483647;
			files = (
			);
			runOnlyForDeploymentPostprocessing = 0;
		};
		EBC945EA2E278E2800C502F2 /* Frameworks */ = {
			isa = PBXFrameworksBuildPhase;
			buildActionMask = 2147483647;
			files = (
			);
			runOnlyForDeploymentPostprocessing = 0;
		};
/* End PBXFrameworksBuildPhase section */

/* Begin PBXGroup section */
		EBC945CA2E278E2700C502F2 = {
			isa = PBXGroup;
			children = (
				EBC945D52E278E2700C502F2 /* VirtualProduction */,
				EBC945E62E278E2800C502F2 /* VirtualProductionTests */,
				EBC945F02E278E2800C502F2 /* VirtualProductionUITests */,
				EBC945D42E278E2700C502F2 /* Products */,
			);
			sourceTree = "<group>";
		};
		EBC945D42E278E2700C502F2 /* Products */ = {
			isa = PBXGroup;
			children = (
				EBC945D32E278E2700C502F2 /* VirtualProduction.app */,
				EBC945E32E278E2800C502F2 /* VirtualProductionTests.xctest */,
				EBC945ED2E278E2800C502F2 /* VirtualProductionUITests.xctest */,
			);
			name = Products;
			sourceTree = "<group>";
		};
/* End PBXGroup section */

/* Begin PBXNativeTarget section */
		EBC945D22E278E2700C502F2 /* VirtualProduction */ = {
			isa = PBXNativeTarget;
			buildConfigurationList = EBC945F72E278E2800C502F2 /* Build configuration list for PBXNativeTarget "VirtualProduction" */;
			buildPhases = (
				EBC945CF2E278E2700C502F2 /* Sources */,
				EBC945D02E278E2700C502F2 /* Frameworks */,
				EBC945D12E278E2700C502F2 /* Resources */,
			);
			buildRules = (
			);
			dependencies = (
			);
			fileSystemSynchronizedGroups = (
				EBC945D52E278E2700C502F2 /* VirtualProduction */,
			);
			name = VirtualProduction;
			packageProductDependencies = (
			);
			productName = VirtualProduction;
			productReference = EBC945D32E278E2700C502F2 /* VirtualProduction.app */;
			productType = "com.apple.product-type.application";
		};
		EBC945E22E278E2800C502F2 /* VirtualProductionTests */ = {
			isa = PBXNativeTarget;
			buildConfigurationList = EBC945FA2E278E2800C502F2 /* Build configuration list for PBXNativeTarget "VirtualProductionTests" */;
			buildPhases = (
				EBC945DF2E278E2800C502F2 /* Sources */,
				EBC945E02E278E2800C502F2 /* Frameworks */,
				EBC945E12E278E2800C502F2 /* Resources */,
			);
			buildRules = (
			);
			dependencies = (
				EBC945E52E278E2800C502F2 /* PBXTargetDependency */,
			);
			fileSystemSynchronizedGroups = (
				EBC945E62E278E2800C502F2 /* VirtualProductionTests */,
			);
			name = VirtualProductionTests;
			packageProductDependencies = (
			);
			productName = VirtualProductionTests;
			productReference = EBC945E32E278E2800C502F2 /* VirtualProductionTests.xctest */;
			productType = "com.apple.product-type.bundle.unit-test";
		};
		EBC945EC2E278E2800C502F2 /* VirtualProductionUITests */ = {
			isa = PBXNativeTarget;
			buildConfigurationList = EBC945FD2E278E2800C502F2 /* Build configuration list for PBXNativeTarget "VirtualProductionUITests" */;
			buildPhases = (
				EBC945E92E278E2800C502F2 /* Sources */,
				EBC945EA2E278E2800C502F2 /* Frameworks */,
				EBC945EB2E278E2800C502F2 /* Resources */,
			);
			buildRules = (
			);
			dependencies = (
				EBC945EF2E278E2800C502F2 /* PBXTargetDependency */,
			);
			fileSystemSynchronizedGroups = (
				EBC945F02E278E2800C502F2 /* VirtualProductionUITests */,
			);
			name = VirtualProductionUITests;
			packageProductDependencies = (
			);
			productName = VirtualProductionUITests;
			productReference = EBC945ED2E278E2800C502F2 /* VirtualProductionUITests.xctest */;
			productType = "com.apple.product-type.bundle.ui-testing";
		};
/* End PBXNativeTarget section */

/* Begin PBXProject section */
		EBC945CB2E278E2700C502F2 /* Project object */ = {
			isa = PBXProject;
			attributes = {
				BuildIndependentTargetsInParallel = 1;
				LastSwiftUpdateCheck = 1600;
				LastUpgradeCheck = 1600;
				TargetAttributes = {
					EBC945D22E278E2700C502F2 = {
						CreatedOnToolsVersion = 16.0;
					};
					EBC945E22E278E2800C502F2 = {
						CreatedOnToolsVersion = 16.0;
						TestTargetID = EBC945D22E278E2700C502F2;
					};
					EBC945EC2E278E2800C502F2 = {
						CreatedOnToolsVersion = 16.0;
						TestTargetID = EBC945D22E278E2700C502F2;
					};
				};
			};
			buildConfigurationList = EBC945CE2E278E2700C502F2 /* Build configuration list for PBXProject "VirtualProduction" */;
			developmentRegion = en;
			hasScannedForEncodings = 0;
			knownRegions = (
				en,
				Base,
			);
			mainGroup = EBC945CA2E278E2700C502F2;
			minimizedProjectReferenceProxies = 1;
			packageReferences = (
			);
			preferredProjectObjectVersion = 77;
			productRefGroup = EBC945D42E278E2700C502F2 /* Products */;
			projectDirPath = "";
			projectRoot = "";
			targets = (
				EBC945D22E278E2700C502F2 /* VirtualProduction */,
				EBC945E22E278E2800C502F2 /* VirtualProductionTests */,
				EBC945EC2E278E2800C502F2 /* VirtualProductionUITests */,
			);
		};
/* End PBXProject section */

/* Begin PBXResourcesBuildPhase section */
		EBC945D12E278E2700C502F2 /* Resources */ = {
			isa = PBXResourcesBuildPhase;
			buildActionMask = 2147483647;
			files = (
			);
			runOnlyForDeploymentPostprocessing = 0;
		};
		EBC945E12E278E2800C502F2 /* Resources */ = {
			isa = PBXResourcesBuildPhase;
			buildActionMask = 2147483647;
			files = (
			);
			runOnlyForDeploymentPostprocessing = 0;
		};
		EBC945EB2E278E2800C502F2 /* Resources */ = {
			isa = PBXResourcesBuildPhase;
			buildActionMask = 2147483647;
			files = (
			);
			runOnlyForDeploymentPostprocessing = 0;
		};
/* End PBXResourcesBuildPhase section */

/* Begin PBXSourcesBuildPhase section */
		EBC945CF2E278E2700C502F2 /* Sources */ = {
			isa = PBXSourcesBuildPhase;
			buildActionMask = 2147483647;
			files = (
			);
			runOnlyForDeploymentPostprocessing = 0;
		};
		EBC945DF2E278E2800C502F2 /* Sources */ = {
			isa = PBXSourcesBuildPhase;
			buildActionMask = 2147483647;
			files = (
			);
			runOnlyForDeploymentPostprocessing = 0;
		};
		EBC945E92E278E2800C502F2 /* Sources */ = {
			isa = PBXSourcesBuildPhase;
			buildActionMask = 2147483647;
			files = (
			);
			runOnlyForDeploymentPostprocessing = 0;
		};
/* End PBXSourcesBuildPhase section */

/* Begin PBXTargetDependency section */
		EBC945E52E278E2800C502F2 /* PBXTargetDependency */ = {
			isa = PBXTargetDependency;
			target = EBC945D22E278E2700C502F2 /* VirtualProduction */;
			targetProxy = EBC945E42E278E2800C502F2 /* PBXContainerItemProxy */;
		};
		EBC945EF2E278E2800C502F2 /* PBXTargetDependency */ = {
			isa = PBXTargetDependency;
			target = EBC945D22E278E2700C502F2 /* VirtualProduction */;
			targetProxy = EBC945EE2E278E2800C502F2 /* PBXContainerItemProxy */;
		};
/* End PBXTargetDependency section */

/* Begin XCBuildConfiguration section */
		EBC945F52E278E2800C502F2 /* Debug */ = {
			isa = XCBuildConfiguration;
			buildSettings = {
				ALWAYS_SEARCH_USER_PATHS = NO;
				ASSETCATALOG_COMPILER_GENERATE_SWIFT_ASSET_SYMBOL_EXTENSIONS = YES;
				CLANG_ANALYZER_NONNULL = YES;
				CLANG_ANALYZER_NUMBER_OBJECT_CONVERSION = YES_AGGRESSIVE;
				CLANG_CXX_LANGUAGE_STANDARD = "gnu++20";
				CLANG_ENABLE_MODULES = YES;
				CLANG_ENABLE_OBJC_ARC = YES;
				CLANG_ENABLE_OBJC_WEAK = YES;
				CLANG_WARN_BLOCK_CAPTURE_AUTORELEASING = YES;
				CLANG_WARN_BOOL_CONVERSION = YES;
				CLANG_WARN_COMMA = YES;
				CLANG_WARN_CONSTANT_CONVERSION = YES;
				CLANG_WARN_DEPRECATED_OBJC_IMPLEMENTATIONS = YES;
				CLANG_WARN_DIRECT_OBJC_ISA_USAGE = YES_ERROR;
				CLANG_WARN_DOCUMENTATION_COMMENTS = YES;
				CLANG_WARN_EMPTY_BODY = YES;
				CLANG_WARN_ENUM_CONVERSION = YES;
				CLANG_WARN_INFINITE_RECURSION = YES;
				CLANG_WARN_INT_CONVERSION = YES;
				CLANG_WARN_NON_LITERAL_NULL_CONVERSION = YES;
				CLANG_WARN_OBJC_IMPLICIT_RETAIN_SELF = YES;
				CLANG_WARN_OBJC_LITERAL_CONVERSION = YES;
				CLANG_WARN_OBJC_ROOT_CLASS = YES_ERROR;
				CLANG_WARN_QUOTED_INCLUDE_IN_FRAMEWORK_HEADER = YES;
				CLANG_WARN_RANGE_LOOP_ANALYSIS = YES;
				CLANG_WARN_STRICT_PROTOTYPES = YES;
				CLANG_WARN_SUSPICIOUS_MOVE = YES;
				CLANG_WARN_UNGUARDED_AVAILABILITY = YES_AGGRESSIVE;
				CLANG_WARN_UNREACHABLE_CODE = YES;
				CLANG_WARN__DUPLICATE_METHOD_MATCH = YES;
				COPY_PHASE_STRIP = NO;
				DEBUG_INFORMATION_FORMAT = dwarf;
				ENABLE_STRICT_OBJC_MSGSEND = YES;
				ENABLE_TESTABILITY = YES;
				ENABLE_USER_SCRIPT_SANDBOXING = YES;
				GCC_C_LANGUAGE_STANDARD = gnu17;
				GCC_DYNAMIC_NO_PIC = NO;
				GCC_NO_COMMON_BLOCKS = YES;
				GCC_OPTIMIZATION_LEVEL = 0;
				GCC_PREPROCESSOR_DEFINITIONS = (
					"DEBUG=1",
					"$(inherited)",
				);
				GCC_WARN_64_TO_32_BIT_CONVERSION = YES;
				GCC_WARN_ABOUT_RETURN_TYPE = YES_ERROR;
				GCC_WARN_UNDECLARED_SELECTOR = YES;
				GCC_WARN_UNINITIALIZED_AUTOS = YES_AGGRESSIVE;
				GCC_WARN_UNUSED_FUNCTION = YES;
				GCC_WARN_UNUSED_VARIABLE = YES;
				IPHONEOS_DEPLOYMENT_TARGET = 18.0;
				LOCALIZATION_PREFERS_STRING_CATALOGS = YES;
				MTL_ENABLE_DEBUG_INFO = INCLUDE_SOURCE;
				MTL_FAST_MATH = YES;
				ONLY_ACTIVE_ARCH = YES;
				SDKROOT = iphoneos;
				SWIFT_ACTIVE_COMPILATION_CONDITIONS = "DEBUG $(inherited)";
				SWIFT_OPTIMIZATION_LEVEL = "-Onone";
			};
			name = Debug;
		};
		EBC945F62E278E2800C502F2 /* Release */ = {
			isa = XCBuildConfiguration;
			buildSettings = {
				ALWAYS_SEARCH_USER_PATHS = NO;
				ASSETCATALOG_COMPILER_GENERATE_SWIFT_ASSET_SYMBOL_EXTENSIONS = YES;
				CLANG_ANALYZER_NONNULL = YES;
				CLANG_ANALYZER_NUMBER_OBJECT_CONVERSION = YES_AGGRESSIVE;
				CLANG_CXX_LANGUAGE_STANDARD = "gnu++20";
				CLANG_ENABLE_MODULES = YES;
				CLANG_ENABLE_OBJC_ARC = YES;
				CLANG_ENABLE_OBJC_WEAK = YES;
				CLANG_WARN_BLOCK_CAPTURE_AUTORELEASING = YES;
				CLANG_WARN_BOOL_CONVERSION = YES;
				CLANG_WARN_COMMA = YES;
				CLANG_WARN_CONSTANT_CONVERSION = YES;
				CLANG_WARN_DEPRECATED_OBJC_IMPLEMENTATIONS = YES;
				CLANG_WARN_DIRECT_OBJC_ISA_USAGE = YES_ERROR;
				CLANG_WARN_DOCUMENTATION_COMMENTS = YES;
				CLANG_WARN_EMPTY_BODY = YES;
				CLANG_WARN_ENUM_CONVERSION = YES;
				CLANG_WARN_INFINITE_RECURSION = YES;
				CLANG_WARN_INT_CONVERSION = YES;
				CLANG_WARN_NON_LITERAL_NULL_CONVERSION = YES;
				CLANG_WARN_OBJC_IMPLICIT_RETAIN_SELF = YES;
				CLANG_WARN_OBJC_LITERAL_CONVERSION = YES;
				CLANG_WARN_OBJC_ROOT_CLASS = YES_ERROR;
				CLANG_WARN_QUOTED_INCLUDE_IN_FRAMEWORK_HEADER = YES;
				CLANG_WARN_RANGE_LOOP_ANALYSIS = YES;
				CLANG_WARN_STRICT_PROTOTYPES = YES;
				CLANG_WARN_SUSPICIOUS_MOVE = YES;
				CLANG_WARN_UNGUARDED_AVAILABILITY = YES_AGGRESSIVE;
				CLANG_WARN_UNREACHABLE_CODE = YES;
				CLANG_WARN__DUPLICATE_METHOD_MATCH = YES;
				COPY_PHASE_STRIP = NO;
				DEBUG_INFORMATION_FORMAT = "dwarf-with-dsym";
				ENABLE_NS_ASSERTIONS = NO;
				ENABLE_STRICT_OBJC_MSGSEND = YES;
				ENABLE_USER_SCRIPT_SANDBOXING = YES;
				GCC_C_LANGUAGE_STANDARD = gnu17;
				GCC_NO_COMMON_BLOCKS = YES;
				GCC_WARN_64_TO_32_BIT_CONVERSION = YES;
				GCC_WARN_ABOUT_RETURN_TYPE = YES_ERROR;
				GCC_WARN_UNDECLARED_SELECTOR = YES;
				GCC_WARN_UNINITIALIZED_AUTOS = YES_AGGRESSIVE;
				GCC_WARN_UNUSED_FUNCTION = YES;
				GCC_WARN_UNUSED_VARIABLE = YES;
				IPHONEOS_DEPLOYMENT_TARGET = 18.0;
				LOCALIZATION_PREFERS_STRING_CATALOGS = YES;
				MTL_ENABLE_DEBUG_INFO = NO;
				MTL_FAST_MATH = YES;
				SDKROOT = iphoneos;
				SWIFT_COMPILATION_MODE = wholemodule;
				VALIDATE_PRODUCT = YES;
			};
			name = Release;
		};
		EBC945F82E278E2800C502F2 /* Debug */ = {
			isa = XCBuildConfiguration;
			buildSettings = {
				ASSETCATALOG_COMPILER_APPICON_NAME = AppIcon;
				ASSETCATALOG_COMPILER_GLOBAL_ACCENT_COLOR_NAME = AccentColor;
				CODE_SIGN_STYLE = Automatic;
				CURRENT_PROJECT_VERSION = 1;
				DEVELOPMENT_ASSET_PATHS = "\"VirtualProduction/Preview Content\"";
				DEVELOPMENT_TEAM = 8V93G3Y2W5;
				ENABLE_PREVIEWS = YES;
				GENERATE_INFOPLIST_FILE = YES;
				INFOPLIST_KEY_NSCameraUsageDescription = "AR体験のためにカメラを使用します";
				INFOPLIST_KEY_UIApplicationSceneManifest_Generation = YES;
				INFOPLIST_KEY_UIApplicationSupportsIndirectInputEvents = YES;
				INFOPLIST_KEY_UILaunchScreen_Generation = YES;
				INFOPLIST_KEY_UISupportedInterfaceOrientations_iPad = "UIInterfaceOrientationPortrait UIInterfaceOrientationPortraitUpsideDown UIInterfaceOrientationLandscapeLeft UIInterfaceOrientationLandscapeRight";
				INFOPLIST_KEY_UISupportedInterfaceOrientations_iPhone = "UIInterfaceOrientationPortrait UIInterfaceOrientationLandscapeLeft UIInterfaceOrientationLandscapeRight";
				LD_RUNPATH_SEARCH_PATHS = (
					"$(inherited)",
					"@executable_path/Frameworks",
				);
				MARKETING_VERSION = 1.0;
				PRODUCT_BUNDLE_IDENTIFIER = com.github.kanakanho.VirtualProduction;
				PRODUCT_NAME = "$(TARGET_NAME)";
				SWIFT_EMIT_LOC_STRINGS = YES;
				SWIFT_VERSION = 5.0;
				TARGETED_DEVICE_FAMILY = "1,2";
			};
			name = Debug;
		};
		EBC945F92E278E2800C502F2 /* Release */ = {
			isa = XCBuildConfiguration;
			buildSettings = {
				ASSETCATALOG_COMPILER_APPICON_NAME = AppIcon;
				ASSETCATALOG_COMPILER_GLOBAL_ACCENT_COLOR_NAME = AccentColor;
				CODE_SIGN_STYLE = Automatic;
				CURRENT_PROJECT_VERSION = 1;
				DEVELOPMENT_ASSET_PATHS = "\"VirtualProduction/Preview Content\"";
				DEVELOPMENT_TEAM = 8V93G3Y2W5;
				ENABLE_PREVIEWS = YES;
				GENERATE_INFOPLIST_FILE = YES;
				INFOPLIST_KEY_NSCameraUsageDescription = "AR体験のためにカメラを使用します";
				INFOPLIST_KEY_UIApplicationSceneManifest_Generation = YES;
				INFOPLIST_KEY_UIApplicationSupportsIndirectInputEvents = YES;
				INFOPLIST_KEY_UILaunchScreen_Generation = YES;
				INFOPLIST_KEY_UISupportedInterfaceOrientations_iPad = "UIInterfaceOrientationPortrait UIInterfaceOrientationPortraitUpsideDown UIInterfaceOrientationLandscapeLeft UIInterfaceOrientationLandscapeRight";
				INFOPLIST_KEY_UISupportedInterfaceOrientations_iPhone = "UIInterfaceOrientationPortrait UIInterfaceOrientationLandscapeLeft UIInterfaceOrientationLandscapeRight";
				LD_RUNPATH_SEARCH_PATHS = (
					"$(inherited)",
					"@executable_path/Frameworks",
				);
				MARKETING_VERSION = 1.0;
				PRODUCT_BUNDLE_IDENTIFIER = com.github.kanakanho.VirtualProduction;
				PRODUCT_NAME = "$(TARGET_NAME)";
				SWIFT_EMIT_LOC_STRINGS = YES;
				SWIFT_VERSION = 5.0;
				TARGETED_DEVICE_FAMILY = "1,2";
			};
			name = Release;
		};
		EBC945FB2E278E2800C502F2 /* Debug */ = {
			isa = XCBuildConfiguration;
			buildSettings = {
				BUNDLE_LOADER = "$(TEST_HOST)";
				CODE_SIGN_STYLE = Automatic;
				CURRENT_PROJECT_VERSION = 1;
				DEVELOPMENT_TEAM = 8V93G3Y2W5;
				GENERATE_INFOPLIST_FILE = YES;
				IPHONEOS_DEPLOYMENT_TARGET = 18.0;
				MARKETING_VERSION = 1.0;
				PRODUCT_BUNDLE_IDENTIFIER = com.github.kanakanho.VirtualProductionTests;
				PRODUCT_NAME = "$(TARGET_NAME)";
				SWIFT_EMIT_LOC_STRINGS = NO;
				SWIFT_VERSION = 5.0;
				TARGETED_DEVICE_FAMILY = "1,2";
				TEST_HOST = "$(BUILT_PRODUCTS_DIR)/VirtualProduction.app/$(BUNDLE_EXECUTABLE_FOLDER_PATH)/VirtualProduction";
			};
			name = Debug;
		};
		EBC945FC2E278E2800C502F2 /* Release */ = {
			isa = XCBuildConfiguration;
			buildSettings = {
				BUNDLE_LOADER = "$(TEST_HOST)";
				CODE_SIGN_STYLE = Automatic;
				CURRENT_PROJECT_VERSION = 1;
				DEVELOPMENT_TEAM = 8V93G3Y2W5;
				GENERATE_INFOPLIST_FILE = YES;
				IPHONEOS_DEPLOYMENT_TARGET = 18.0;
				MARKETING_VERSION = 1.0;
				PRODUCT_BUNDLE_IDENTIFIER = com.github.kanakanho.VirtualProductionTests;
				PRODUCT_NAME = "$(TARGET_NAME)";
				SWIFT_EMIT_LOC_STRINGS = NO;
				SWIFT_VERSION = 5.0;
				TARGETED_DEVICE_FAMILY = "1,2";
				TEST_HOST = "$(BUILT_PRODUCTS_DIR)/VirtualProduction.app/$(BUNDLE_EXECUTABLE_FOLDER_PATH)/VirtualProduction";
			};
			name = Release;
		};
		EBC945FE2E278E2800C502F2 /* Debug */ = {
			isa = XCBuildConfiguration;
			buildSettings = {
				CODE_SIGN_STYLE = Automatic;
				CURRENT_PROJECT_VERSION = 1;
				DEVELOPMENT_TEAM = 8V93G3Y2W5;
				GENERATE_INFOPLIST_FILE = YES;
				MARKETING_VERSION = 1.0;
				PRODUCT_BUNDLE_IDENTIFIER = com.github.kanakanho.VirtualProductionUITests;
				PRODUCT_NAME = "$(TARGET_NAME)";
				SWIFT_EMIT_LOC_STRINGS = NO;
				SWIFT_VERSION = 5.0;
				TARGETED_DEVICE_FAMILY = "1,2";
				TEST_TARGET_NAME = VirtualProduction;
			};
			name = Debug;
		};
		EBC945FF2E278E2800C502F2 /* Release */ = {
			isa = XCBuildConfiguration;
			buildSettings = {
				CODE_SIGN_STYLE = Automatic;
				CURRENT_PROJECT_VERSION = 1;
				DEVELOPMENT_TEAM = 8V93G3Y2W5;
				GENERATE_INFOPLIST_FILE = YES;
				MARKETING_VERSION = 1.0;
				PRODUCT_BUNDLE_IDENTIFIER = com.github.kanakanho.VirtualProductionUITests;
				PRODUCT_NAME = "$(TARGET_NAME)";
				SWIFT_EMIT_LOC_STRINGS = NO;
				SWIFT_VERSION = 5.0;
				TARGETED_DEVICE_FAMILY = "1,2";
				TEST_TARGET_NAME = VirtualProduction;
			};
			name = Release;
		};
/* End XCBuildConfiguration section */

/* Begin XCConfigurationList section */
		EBC945CE2E278E2700C502F2 /* Build configuration list for PBXProject "VirtualProduction" */ = {
			isa = XCConfigurationList;
			buildConfigurations = (
				EBC945F52E278E2800C502F2 /* Debug */,
				EBC945F62E278E2800C502F2 /* Release */,
			);
			defaultConfigurationIsVisible = 0;
			defaultConfigurationName = Release;
		};
		EBC945F72E278E2800C502F2 /* Build configuration list for PBXNativeTarget "VirtualProduction" */ = {
			isa = XCConfigurationList;
			buildConfigurations = (
				EBC945F82E278E2800C502F2 /* Debug */,
				EBC945F92E278E2800C502F2 /* Release */,
			);
			defaultConfigurationIsVisible = 0;
			defaultConfigurationName = Release;
		};
		EBC945FA2E278E2800C502F2 /* Build configuration list for PBXNativeTarget "VirtualProductionTests" */ = {
			isa = XCConfigurationList;
			buildConfigurations = (
				EBC945FB2E278E2800C502F2 /* Debug */,
				EBC945FC2E278E2800C502F2 /* Release */,
			);
			defaultConfigurationIsVisible = 0;
			defaultConfigurationName = Release;
		};
		EBC945FD2E278E2800C502F2 /* Build configuration list for PBXNativeTarget "VirtualProductionUITests" */ = {
			isa = XCConfigurationList;
			buildConfigurations = (
				EBC945FE2E278E2800C502F2 /* Debug */,
				EBC945FF2E278E2800C502F2 /* Release */,
			);
			defaultConfigurationIsVisible = 0;
			defaultConfigurationName = Release;
		};
/* End XCConfigurationList section */
	};
	rootObject = EBC945CB2E278E2700C502F2 /* Project object */;
}
